
Microsoft Visual Studio Solution File, Format Version 12.00
Project("{FAE04EC0-301F-11D3-BF4B-00C04F79EFBC}") = "SourceGen", "SourceGen\SourceGen.csproj", "{3E15EC12-8720-4F66-BC7E-B8619D9B43D4}"
EndProject
Project("{FAE04EC0-301F-11D3-BF4B-00C04F79EFBC}") = "UIBindings", "UIBinding\UIBindings.csproj", "{C4688F52-6FC6-1767-4830-BCDC5365E58C}"
EndProject
Project("{FAE04EC0-301F-11D3-BF4B-00C04F79EFBC}") = "UIBindings.Develop", "UIBinding\UIBindings.Develop.csproj", "{667A9656-B0FF-94A5-AC57-98B512DF1D9B}"
EndProject
Project("{FAE04EC0-301F-11D3-BF4B-00C04F79EFBC}") = "SourceGenTest", "SourceGenTest\SourceGenTest.csproj", "{8B37EF9E-6869-4313-9B35-BF0CB77613EF}"
EndProject
Project("{FAE04EC0-301F-11D3-BF4B-00C04F79EFBC}") = "SourceGenSnapshotTester", "SourceGenSnapshotTester\SourceGenSnapshotTester.csproj", "{2052880B-C17F-4116-9898-3FB064AA280B}"
EndProject
Global
	GlobalSection(SolutionConfigurationPlatforms) = preSolution
		Debug|Any CPU = Debug|Any CPU
		Release|Any CPU = Release|Any CPU
	EndGlobalSection
	GlobalSection(ProjectConfigurationPlatforms) = postSolution
		{3E15EC12-8720-4F66-BC7E-B8619D9B43D4}.Debug|Any CPU.ActiveCfg = Debug|Any CPU
		{3E15EC12-8720-4F66-BC7E-B8619D9B43D4}.Debug|Any CPU.Build.0 = Debug|Any CPU
		{3E15EC12-8720-4F66-BC7E-B8619D9B43D4}.Release|Any CPU.ActiveCfg = Release|Any CPU
		{3E15EC12-8720-4F66-BC7E-B8619D9B43D4}.Release|Any CPU.Build.0 = Release|Any CPU
		{C4688F52-6FC6-1767-4830-BCDC5365E58C}.Debug|Any CPU.ActiveCfg = Debug|Any CPU
		{C4688F52-6FC6-1767-4830-BCDC5365E58C}.Debug|Any CPU.Build.0 = Debug|Any CPU
		{C4688F52-6FC6-1767-4830-BCDC5365E58C}.Release|Any CPU.ActiveCfg = Debug|Any CPU
		{C4688F52-6FC6-1767-4830-BCDC5365E58C}.Release|Any CPU.Build.0 = Debug|Any CPU
		{667A9656-B0FF-94A5-AC57-98B512DF1D9B}.Debug|Any CPU.ActiveCfg = Debug|Any CPU
		{667A9656-B0FF-94A5-AC57-98B512DF1D9B}.Debug|Any CPU.Build.0 = Debug|Any CPU
		{667A9656-B0FF-94A5-AC57-98B512DF1D9B}.Release|Any CPU.ActiveCfg = Debug|Any CPU
		{667A9656-B0FF-94A5-AC57-98B512DF1D9B}.Release|Any CPU.Build.0 = Debug|Any CPU
		{8B37EF9E-6869-4313-9B35-BF0CB77613EF}.Debug|Any CPU.ActiveCfg = Debug|Any CPU
		{8B37EF9E-6869-4313-9B35-BF0CB77613EF}.Debug|Any CPU.Build.0 = Debug|Any CPU
		{8B37EF9E-6869-4313-9B35-BF0CB77613EF}.Release|Any CPU.ActiveCfg = Release|Any CPU
		{8B37EF9E-6869-4313-9B35-BF0CB77613EF}.Release|Any CPU.Build.0 = Release|Any CPU
		{2052880B-C17F-4116-9898-3FB064AA280B}.Debug|Any CPU.ActiveCfg = Debug|Any CPU
		{2052880B-C17F-4116-9898-3FB064AA280B}.Debug|Any CPU.Build.0 = Debug|Any CPU
		{2052880B-C17F-4116-9898-3FB064AA280B}.Release|Any CPU.ActiveCfg = Release|Any CPU
		{2052880B-C17F-4116-9898-3FB064AA280B}.Release|Any CPU.Build.0 = Release|Any CPU
	EndGlobalSection
EndGlobal
